// !$*UTF8*$!
{
	archiveVersion = 1;
	classes = {
	};
	objectVersion = 77;
	objects = {

/* Begin PBXBuildFile section */
		28E03625BF39BB454208CC83 /* PlanView.swift in Sources */ = {isa = PBXBuildFile; fileRef = DFB47F89DE42D9568F7D659A /* PlanView.swift */; };
		2DF7E2D82E154F433963E656 /* Theme.swift in Sources */ = {isa = PBXBuildFile; fileRef = 23777776AF6D495D933B3826 /* Theme.swift */; };
		5BB77D4E3876F07E950FD9B8 /* ForgeApp.swift in Sources */ = {isa = PBXBuildFile; fileRef = C72939ED11080B6EC29E4478 /* ForgeApp.swift */; };
		AB2FAE37FA0A7488079B2382 /* HealthStoreManager.swift in Sources */ = {isa = PBXBuildFile; fileRef = F0946DBA70B4FF8DEEFB864D /* HealthStoreManager.swift */; };
		D714CFC231675BE5BC96D3E4 /* HomeView.swift in Sources */ = {isa = PBXBuildFile; fileRef = 88203D1D66E8FF15ADFE71ED /* HomeView.swift */; };
		DD1FDB5BD21A2D6E5035D4D9 /* Tessera in Frameworks */ = {isa = PBXBuildFile; productRef = DF7EAA7A10BD104DC1C4C926 /* Tessera */; };
		EAC314494BEB1285D08DB041 /* Coach.swift in Sources */ = {isa = PBXBuildFile; fileRef = F17688142F71866030A261F9 /* Coach.swift */; };
/* End PBXBuildFile section */

/* Begin PBXFileReference section */
		23777776AF6D495D933B3826 /* Theme.swift */ = {isa = PBXFileReference; lastKnownFileType = sourcecode.swift; path = Theme.swift; sourceTree = "<group>"; };
		5FDA55941BDB098A23EAE9CF /* Info.plist */ = {isa = PBXFileReference; lastKnownFileType = text.plist; path = Info.plist; sourceTree = "<group>"; };
		7E9A4050989159D12B5FFF17 /* HarnessKit */ = {isa = PBXFileReference; lastKnownFileType = folder; name = HarnessKit; path = ../../packages/HarnessKit; sourceTree = SOURCE_ROOT; };
		88203D1D66E8FF15ADFE71ED /* HomeView.swift */ = {isa = PBXFileReference; lastKnownFileType = sourcecode.swift; path = HomeView.swift; sourceTree = "<group>"; };
		B8C9A59E5B07C7D1B2F352E1 /* Forge.entitlements */ = {isa = PBXFileReference; lastKnownFileType = text.plist.entitlements; path = Forge.entitlements; sourceTree = "<group>"; };
		C72939ED11080B6EC29E4478 /* ForgeApp.swift */ = {isa = PBXFileReference; lastKnownFileType = sourcecode.swift; path = ForgeApp.swift; sourceTree = "<group>"; };
		DFB47F89DE42D9568F7D659A /* PlanView.swift */ = {isa = PBXFileReference; lastKnownFileType = sourcecode.swift; path = PlanView.swift; sourceTree = "<group>"; };
		EAD57FE43439B2C292022C07 /* Forge.app */ = {isa = PBXFileReference; includeInIndex = 0; lastKnownFileType = wrapper.application; path = Forge.app; sourceTree = BUILT_PRODUCTS_DIR; };
		F0946DBA70B4FF8DEEFB864D /* HealthStoreManager.swift */ = {isa = PBXFileReference; lastKnownFileType = sourcecode.swift; path = HealthStoreManager.swift; sourceTree = "<group>"; };
		F17688142F71866030A261F9 /* Coach.swift */ = {isa = PBXFileReference; lastKnownFileType = sourcecode.swift; path = Coach.swift; sourceTree = "<group>"; };
/* End PBXFileReference section */

/* Begin PBXFrameworksBuildPhase section */
		08B31B6D773D6982551855DF /* Frameworks */ = {
			isa = PBXFrameworksBuildPhase;
			buildActionMask = 2147483647;
			files = (
				DD1FDB5BD21A2D6E5035D4D9 /* Tessera in Frameworks */,
			);
			runOnlyForDeploymentPostprocessing = 0;
		};
/* End PBXFrameworksBuildPhase section */

/* Begin PBXGroup section */
		0DF8B87A395804CDC56C4DE0 /* Packages */ = {
			isa = PBXGroup;
			children = (
				7E9A4050989159D12B5FFF17 /* HarnessKit */,
			);
			name = Packages;
			sourceTree = "<group>";
		};
		4D92E0C67E2F7B85FC426E2E /* Products */ = {
			isa = PBXGroup;
			children = (
				EAD57FE43439B2C292022C07 /* Forge.app */,
			);
			name = Products;
			sourceTree = "<group>";
		};
		DD5E2466335F3E5F02761415 /* Forge */ = {
			isa = PBXGroup;
			children = (
				F17688142F71866030A261F9 /* Coach.swift */,
				B8C9A59E5B07C7D1B2F352E1 /* Forge.entitlements */,
				C72939ED11080B6EC29E4478 /* ForgeApp.swift */,
				F0946DBA70B4FF8DEEFB864D /* HealthStoreManager.swift */,
				5FDA55941BDB098A23EAE9CF /* Info.plist */,
				23777776AF6D495D933B3826 /* Theme.swift */,
				F61F6E1539D7D02F58D1943D /* Views */,
			);
			path = Forge;
			sourceTree = "<group>";
		};
		EFCB33EBE3812EE38333409F = {
			isa = PBXGroup;
			children = (
				DD5E2466335F3E5F02761415 /* Forge */,
				0DF8B87A395804CDC56C4DE0 /* Packages */,
				4D92E0C67E2F7B85FC426E2E /* Products */,
			);
			sourceTree = "<group>";
		};
		F61F6E1539D7D02F58D1943D /* Views */ = {
			isa = PBXGroup;
			children = (
				88203D1D66E8FF15ADFE71ED /* HomeView.swift */,
				DFB47F89DE42D9568F7D659A /* PlanView.swift */,
			);
			path = Views;
			sourceTree = "<group>";
		};
/* End PBXGroup section */

/* Begin PBXNativeTarget section */
		B86A17B415789897E93F9B10 /* Forge */ = {
			isa = PBXNativeTarget;
			buildConfigurationList = 14C3B2F58A3E154141422499 /* Build configuration list for PBXNativeTarget "Forge" */;
			buildPhases = (
				54A6215C61489CB2E4C48797 /* Sources */,
				08B31B6D773D6982551855DF /* Frameworks */,
			);
			buildRules = (
			);
			dependencies = (
			);
			name = Forge;
			packageProductDependencies = (
				DF7EAA7A10BD104DC1C4C926 /* Tessera */,
			);
			productName = Forge;
			productReference = EAD57FE43439B2C292022C07 /* Forge.app */;
			productType = "com.apple.product-type.application";
		};
/* End PBXNativeTarget section */

/* Begin PBXProject section */
		DD0290201C0E580E7A86156E /* Project object */ = {
			isa = PBXProject;
			attributes = {
				BuildIndependentTargetsInParallel = YES;
				LastUpgradeCheck = 1430;
				TargetAttributes = {
					B86A17B415789897E93F9B10 = {
						DevelopmentTeam = "";
						ProvisioningStyle = Automatic;
					};
				};
			};
			buildConfigurationList = 6CD494A99F804B5C2D6C9DD2 /* Build configuration list for PBXProject "Forge" */;
			compatibilityVersion = "Xcode 14.0";
			developmentRegion = en;
			hasScannedForEncodings = 0;
			knownRegions = (
				Base,
				en,
			);
			mainGroup = EFCB33EBE3812EE38333409F;
			minimizedProjectReferenceProxies = 1;
			packageReferences = (
				7896B9A8C52887F1E13888E2 /* XCLocalSwiftPackageReference "../../packages/HarnessKit" */,
			);
			preferredProjectObjectVersion = 77;
			projectDirPath = "";
			projectRoot = "";
			targets = (
				B86A17B415789897E93F9B10 /* Forge */,
			);
		};
/* End PBXProject section */

/* Begin PBXSourcesBuildPhase section */
		54A6215C61489CB2E4C48797 /* Sources */ = {
			isa = PBXSourcesBuildPhase;
			buildActionMask = 2147483647;
			files = (
				EAC314494BEB1285D08DB041 /* Coach.swift in Sources */,
				5BB77D4E3876F07E950FD9B8 /* ForgeApp.swift in Sources */,
				AB2FAE37FA0A7488079B2382 /* HealthStoreManager.swift in Sources */,
				D714CFC231675BE5BC96D3E4 /* HomeView.swift in Sources */,
				28E03625BF39BB454208CC83 /* PlanView.swift in Sources */,
				2DF7E2D82E154F433963E656 /* Theme.swift in Sources */,
			);
			runOnlyForDeploymentPostprocessing = 0;
		};
/* End PBXSourcesBuildPhase section */

/* Begin XCBuildConfiguration section */
		442FDACF09C5FC0D7B846F4F /* Debug */ = {
			isa = XCBuildConfiguration;
			buildSettings = {
				ASSETCATALOG_COMPILER_APPICON_NAME = AppIcon;
				CODE_SIGN_ENTITLEMENTS = Forge/Forge.entitlements;
				CODE_SIGN_IDENTITY = "iPhone Developer";
				CODE_SIGN_STYLE = Automatic;
				DEVELOPMENT_TEAM = "";
				GENERATE_INFOPLIST_FILE = NO;
				INFOPLIST_FILE = Forge/Info.plist;
				IPHONEOS_DEPLOYMENT_TARGET = 26.0;
				LD_RUNPATH_SEARCH_PATHS = (
					"$(inherited)",
					"@executable_path/Frameworks",
				);
				PRODUCT_BUNDLE_IDENTIFIER = com.harnesskit.Forge;
				SDKROOT = iphoneos;
				SWIFT_VERSION = 6.0;
				TARGETED_DEVICE_FAMILY = 1;
			};
			name = Debug;
		};
		AF7B7C6608444234562BD549 /* Release */ = {
			isa = XCBuildConfiguration;
			buildSettings = {
				ALWAYS_SEARCH_USER_PATHS = NO;
				CLANG_ANALYZER_NONNULL = YES;
				CLANG_ANALYZER_NUMBER_OBJECT_CONVERSION = YES_AGGRESSIVE;
				CLANG_CXX_LANGUAGE_STANDARD = "gnu++14";
				CLANG_CXX_LIBRARY = "libc++";
				CLANG_ENABLE_MODULES = YES;
				CLANG_ENABLE_OBJC_ARC = YES;
				CLANG_ENABLE_OBJC_WEAK = YES;
				CLANG_WARN_BLOCK_CAPTURE_AUTORELEASING = YES;
				CLANG_WARN_BOOL_CONVERSION = YES;
				CLANG_WARN_COMMA = YES;
				CLANG_WARN_CONSTANT_CONVERSION = YES;
				CLANG_WARN_DEPRECATED_OBJC_IMPLEMENTATIONS = YES;
				CLANG_WARN_DIRECT_OBJC_ISA_USAGE = YES_ERROR;
				CLANG_WARN_DOCUMENTATION_COMMENTS = YES;
				CLANG_WARN_EMPTY_BODY = YES;
				CLANG_WARN_ENUM_CONVERSION = YES;
				CLANG_WARN_INFINITE_RECURSION = YES;
				CLANG_WARN_INT_CONVERSION = YES;
				CLANG_WARN_NON_LITERAL_NULL_CONVERSION = YES;
				CLANG_WARN_OBJC_IMPLICIT_RETAIN_SELF = YES;
				CLANG_WARN_OBJC_LITERAL_CONVERSION = YES;
				CLANG_WARN_OBJC_ROOT_CLASS = YES_ERROR;
				CLANG_WARN_QUOTED_INCLUDE_IN_FRAMEWORK_HEADER = YES;
				CLANG_WARN_RANGE_LOOP_ANALYSIS = YES;
				CLANG_WARN_STRICT_PROTOTYPES = YES;
				CLANG_WARN_SUSPICIOUS_MOVE = YES;
				CLANG_WARN_UNGUARDED_AVAILABILITY = YES_AGGRESSIVE;
				CLANG_WARN_UNREACHABLE_CODE = YES;
				CLANG_WARN__DUPLICATE_METHOD_MATCH = YES;
				COPY_PHASE_STRIP = NO;
				DEBUG_INFORMATION_FORMAT = "dwarf-with-dsym";
				ENABLE_NS_ASSERTIONS = NO;
				ENABLE_STRICT_OBJC_MSGSEND = YES;
				GCC_C_LANGUAGE_STANDARD = gnu11;
				GCC_NO_COMMON_BLOCKS = YES;
				GCC_WARN_64_TO_32_BIT_CONVERSION = YES;
				GCC_WARN_ABOUT_RETURN_TYPE = YES_ERROR;
				GCC_WARN_UNDECLARED_SELECTOR = YES;
				GCC_WARN_UNINITIALIZED_AUTOS = YES_AGGRESSIVE;
				GCC_WARN_UNUSED_FUNCTION = YES;
				GCC_WARN_UNUSED_VARIABLE = YES;
				IPHONEOS_DEPLOYMENT_TARGET = 26.0;
				MTL_ENABLE_DEBUG_INFO = NO;
				MTL_FAST_MATH = YES;
				PRODUCT_NAME = "$(TARGET_NAME)";
				SDKROOT = iphoneos;
				SWIFT_COMPILATION_MODE = wholemodule;
				SWIFT_OPTIMIZATION_LEVEL = "-O";
				SWIFT_VERSION = 5.0;
			};
			name = Release;
		};
		CA5431A0961D90652011889D /* Release */ = {
			isa = XCBuildConfiguration;
			buildSettings = {
				ASSETCATALOG_COMPILER_APPICON_NAME = AppIcon;
				CODE_SIGN_ENTITLEMENTS = Forge/Forge.entitlements;
				CODE_SIGN_IDENTITY = "iPhone Developer";
				CODE_SIGN_STYLE = Automatic;
				DEVELOPMENT_TEAM = "";
				GENERATE_INFOPLIST_FILE = NO;
				INFOPLIST_FILE = Forge/Info.plist;
				IPHONEOS_DEPLOYMENT_TARGET = 26.0;
				LD_RUNPATH_SEARCH_PATHS = (
					"$(inherited)",
					"@executable_path/Frameworks",
				);
				PRODUCT_BUNDLE_IDENTIFIER = com.harnesskit.Forge;
				SDKROOT = iphoneos;
				SWIFT_VERSION = 6.0;
				TARGETED_DEVICE_FAMILY = 1;
			};
			name = Release;
		};
		DCC2F712BBF791A5AA4F603C /* Debug */ = {
			isa = XCBuildConfiguration;
			buildSettings = {
				ALWAYS_SEARCH_USER_PATHS = NO;
				CLANG_ANALYZER_NONNULL = YES;
				CLANG_ANALYZER_NUMBER_OBJECT_CONVERSION = YES_AGGRESSIVE;
				CLANG_CXX_LANGUAGE_STANDARD = "gnu++14";
				CLANG_CXX_LIBRARY = "libc++";
				CLANG_ENABLE_MODULES = YES;
				CLANG_ENABLE_OBJC_ARC = YES;
				CLANG_ENABLE_OBJC_WEAK = YES;
				CLANG_WARN_BLOCK_CAPTURE_AUTORELEASING = YES;
				CLANG_WARN_BOOL_CONVERSION = YES;
				CLANG_WARN_COMMA = YES;
				CLANG_WARN_CONSTANT_CONVERSION = YES;
				CLANG_WARN_DEPRECATED_OBJC_IMPLEMENTATIONS = YES;
				CLANG_WARN_DIRECT_OBJC_ISA_USAGE = YES_ERROR;
				CLANG_WARN_DOCUMENTATION_COMMENTS = YES;
				CLANG_WARN_EMPTY_BODY = YES;
				CLANG_WARN_ENUM_CONVERSION = YES;
				CLANG_WARN_INFINITE_RECURSION = YES;
				CLANG_WARN_INT_CONVERSION = YES;
				CLANG_WARN_NON_LITERAL_NULL_CONVERSION = YES;
				CLANG_WARN_OBJC_IMPLICIT_RETAIN_SELF = YES;
				CLANG_WARN_OBJC_LITERAL_CONVERSION = YES;
				CLANG_WARN_OBJC_ROOT_CLASS = YES_ERROR;
				CLANG_WARN_QUOTED_INCLUDE_IN_FRAMEWORK_HEADER = YES;
				CLANG_WARN_RANGE_LOOP_ANALYSIS = YES;
				CLANG_WARN_STRICT_PROTOTYPES = YES;
				CLANG_WARN_SUSPICIOUS_MOVE = YES;
				CLANG_WARN_UNGUARDED_AVAILABILITY = YES_AGGRESSIVE;
				CLANG_WARN_UNREACHABLE_CODE = YES;
				CLANG_WARN__DUPLICATE_METHOD_MATCH = YES;
				COPY_PHASE_STRIP = NO;
				DEBUG_INFORMATION_FORMAT = dwarf;
				ENABLE_STRICT_OBJC_MSGSEND = YES;
				ENABLE_TESTABILITY = YES;
				GCC_C_LANGUAGE_STANDARD = gnu11;
				GCC_DYNAMIC_NO_PIC = NO;
				GCC_NO_COMMON_BLOCKS = YES;
				GCC_OPTIMIZATION_LEVEL = 0;
				GCC_PREPROCESSOR_DEFINITIONS = (
					"$(inherited)",
					"DEBUG=1",
				);
				GCC_WARN_64_TO_32_BIT_CONVERSION = YES;
				GCC_WARN_ABOUT_RETURN_TYPE = YES_ERROR;
				GCC_WARN_UNDECLARED_SELECTOR = YES;
				GCC_WARN_UNINITIALIZED_AUTOS = YES_AGGRESSIVE;
				GCC_WARN_UNUSED_FUNCTION = YES;
				GCC_WARN_UNUSED_VARIABLE = YES;
				IPHONEOS_DEPLOYMENT_TARGET = 26.0;
				MTL_ENABLE_DEBUG_INFO = INCLUDE_SOURCE;
				MTL_FAST_MATH = YES;
				ONLY_ACTIVE_ARCH = YES;
				PRODUCT_NAME = "$(TARGET_NAME)";
				SDKROOT = iphoneos;
				SWIFT_ACTIVE_COMPILATION_CONDITIONS = DEBUG;
				SWIFT_OPTIMIZATION_LEVEL = "-Onone";
				SWIFT_VERSION = 5.0;
			};
			name = Debug;
		};
/* End XCBuildConfiguration section */

/* Begin XCConfigurationList section */
		14C3B2F58A3E154141422499 /* Build configuration list for PBXNativeTarget "Forge" */ = {
			isa = XCConfigurationList;
			buildConfigurations = (
				442FDACF09C5FC0D7B846F4F /* Debug */,
				CA5431A0961D90652011889D /* Release */,
			);
			defaultConfigurationIsVisible = 0;
			defaultConfigurationName = Debug;
		};
		6CD494A99F804B5C2D6C9DD2 /* Build configuration list for PBXProject "Forge" */ = {
			isa = XCConfigurationList;
			buildConfigurations = (
				DCC2F712BBF791A5AA4F603C /* Debug */,
				AF7B7C6608444234562BD549 /* Release */,
			);
			defaultConfigurationIsVisible = 0;
			defaultConfigurationName = Debug;
		};
/* End XCConfigurationList section */

/* Begin XCLocalSwiftPackageReference section */
		7896B9A8C52887F1E13888E2 /* XCLocalSwiftPackageReference "../../packages/HarnessKit" */ = {
			isa = XCLocalSwiftPackageReference;
			relativePath = ../../packages/HarnessKit;
		};
/* End XCLocalSwiftPackageReference section */

/* Begin XCSwiftPackageProductDependency section */
		DF7EAA7A10BD104DC1C4C926 /* Tessera */ = {
			isa = XCSwiftPackageProductDependency;
			productName = Tessera;
		};
/* End XCSwiftPackageProductDependency section */
	};
	rootObject = DD0290201C0E580E7A86156E /* Project object */;
}
